// !$*UTF8*$!
{
	archiveVersion = 1;
	classes = {
	};
	objectVersion = 56;
	objects = {

/* Begin PBXBuildFile section */
		E916C9D32C1C322600875433 /* FrontclosingAPp.swift in Sources */ = {isa = PBXBuildFile; fileRef = E916C9D22C1C322600875433 /* FrontclosingAPp.swift */; };
		E916C9D52C1C322600875433 /* ContentView.swift in Sources */ = {isa = PBXBuildFile; fileRef = E916C9D42C1C322600875433 /* ContentView.swift */; };
		E916C9D72C1C322600875433 /* Item.swift in Sources */ = {isa = PBXBuildFile; fileRef = E916C9D62C1C322600875433 /* Item.swift */; };
		E916C9D92C1C322800875433 /* Assets.xcassets in Resources */ = {isa = PBXBuildFile; fileRef = E916C9D82C1C322800875433 /* Assets.xcassets */; };
		E916C9DC2C1C322800875433 /* Preview Assets.xcassets in Resources */ = {isa = PBXBuildFile; fileRef = E916C9DB2C1C322800875433 /* Preview Assets.xcassets */; };
		E916C9E62C1C322800875433 /* FrontclosingAPpTests.swift in Sources */ = {isa = PBXBuildFile; fileRef = E916C9E52C1C322800875433 /* FrontclosingAPpTests.swift */; };
		E9246C6F2CA60CDE00E80043 /* TaxCalculatorContentView.swift in Sources */ = {isa = PBXBuildFile; fileRef = E9246C6E2CA60CDE00E80043 /* TaxCalculatorContentView.swift */; };
		E93D07FF2C2C37650023ABFC /* SalesContentView.swift in Sources */ = {isa = PBXBuildFile; fileRef = E93D07FE2C2C37650023ABFC /* SalesContentView.swift */; };
		E93D08012C2C37940023ABFC /* CalculatorContentView.swift in Sources */ = {isa = PBXBuildFile; fileRef = E93D08002C2C37940023ABFC /* CalculatorContentView.swift */; };
		E96284372DCF56BD00431751 /* ReceiptGenerator.swift in Sources */ = {isa = PBXBuildFile; fileRef = E96284362DCF56BD00431751 /* ReceiptGenerator.swift */; };
		E96F240A2DC88012003FE15C /* CoreBluetooth.framework in Frameworks */ = {isa = PBXBuildFile; fileRef = E9C28E822D742E8500B0A289 /* CoreBluetooth.framework */; };
		E96F240C2DC88014003FE15C /* ExternalAccessory.framework in Frameworks */ = {isa = PBXBuildFile; fileRef = E9C28E842D742E8E00B0A289 /* ExternalAccessory.framework */; };
		E96F240F2DC88B5C003FE15C /* File.txt in Resources */ = {isa = PBXBuildFile; fileRef = E96F240E2DC88B5C003FE15C /* File.txt */; };
		E977C8FF2CD5783000A46790 /* DenominationTableView.swift in Sources */ = {isa = PBXBuildFile; fileRef = E977C8FE2CD5783000A46790 /* DenominationTableView.swift */; };
		E9797C882DCE125B006CEB70 /* StarIO10 in Frameworks */ = {isa = PBXBuildFile; productRef = E9797C872DCE125B006CEB70 /* StarIO10 */; };
		E97C207E2D743C28005FDB0E /* Objectivecheader.h in Sources */ = {isa = PBXBuildFile; fileRef = E97C207D2D7435C5005FDB0E /* Objectivecheader.h */; };
		E97C20812D7442D9005FDB0E /* StarPrinterManager.swift in Sources */ = {isa = PBXBuildFile; fileRef = E97C20802D7442D9005FDB0E /* StarPrinterManager.swift */; };
		E99B90E42C33F0A000465084 /* Launch Screen.storyboard in Resources */ = {isa = PBXBuildFile; fileRef = E99B90E32C33F0A000465084 /* Launch Screen.storyboard */; };
		E9C28E732D7404BE00B0A289 /* Contentviewsample.txt in Sources */ = {isa = PBXBuildFile; fileRef = E9C28E722D7404BE00B0A289 /* Contentviewsample.txt */; };
/* End PBXBuildFile section */

/* Begin PBXContainerItemProxy section */
		E916C9E22C1C322800875433 /* PBXContainerItemProxy */ = {
			isa = PBXContainerItemProxy;
			containerPortal = E916C9C72C1C322600875433 /* Project object */;
			proxyType = 1;
			remoteGlobalIDString = E916C9CE2C1C322600875433;
			remoteInfo = FrontclosingAPp;
		};
		E916C9EC2C1C322800875433 /* PBXContainerItemProxy */ = {
			isa = PBXContainerItemProxy;
			containerPortal = E916C9C72C1C322600875433 /* Project object */;
			proxyType = 1;
			remoteGlobalIDString = E916C9CE2C1C322600875433;
			remoteInfo = FrontclosingAPp;
		};
/* End PBXContainerItemProxy section */

/* Begin PBXCopyFilesBuildPhase section */
		E9C28E7D2D742E3300B0A289 /* Embed Frameworks */ = {
			isa = PBXCopyFilesBuildPhase;
			buildActionMask = 2147483647;
			dstPath = "";
			dstSubfolderSpec = 10;
			files = (
			);
			name = "Embed Frameworks";
			runOnlyForDeploymentPostprocessing = 0;
		};
/* End PBXCopyFilesBuildPhase section */

/* Begin PBXFileReference section */
		E916C9CF2C1C322600875433 /* FrontclosingAPp.app */ = {isa = PBXFileReference; explicitFileType = wrapper.application; includeInIndex = 0; path = FrontclosingAPp.app; sourceTree = BUILT_PRODUCTS_DIR; };
		E916C9D22C1C322600875433 /* FrontclosingAPp.swift */ = {isa = PBXFileReference; lastKnownFileType = sourcecode.swift; path = FrontclosingAPp.swift; sourceTree = "<group>"; };
		E916C9D42C1C322600875433 /* ContentView.swift */ = {isa = PBXFileReference; lastKnownFileType = sourcecode.swift; path = ContentView.swift; sourceTree = "<group>"; };
		E916C9D62C1C322600875433 /* Item.swift */ = {isa = PBXFileReference; lastKnownFileType = sourcecode.swift; path = Item.swift; sourceTree = "<group>"; };
		E916C9D82C1C322800875433 /* Assets.xcassets */ = {isa = PBXFileReference; lastKnownFileType = folder.assetcatalog; path = Assets.xcassets; sourceTree = "<group>"; };
		E916C9DB2C1C322800875433 /* Preview Assets.xcassets */ = {isa = PBXFileReference; lastKnownFileType = folder.assetcatalog; path = "Preview Assets.xcassets"; sourceTree = "<group>"; };
		E916C9E12C1C322800875433 /* FrontclosingAPpTests.xctest */ = {isa = PBXFileReference; explicitFileType = wrapper.cfbundle; includeInIndex = 0; path = FrontclosingAPpTests.xctest; sourceTree = BUILT_PRODUCTS_DIR; };
		E916C9E52C1C322800875433 /* FrontclosingAPpTests.swift */ = {isa = PBXFileReference; lastKnownFileType = sourcecode.swift; path = FrontclosingAPpTests.swift; sourceTree = "<group>"; };
		E916C9EB2C1C322800875433 /* FrontclosingAPpUITests.xctest */ = {isa = PBXFileReference; explicitFileType = wrapper.cfbundle; includeInIndex = 0; path = FrontclosingAPpUITests.xctest; sourceTree = BUILT_PRODUCTS_DIR; };
		E9246C6E2CA60CDE00E80043 /* TaxCalculatorContentView.swift */ = {isa = PBXFileReference; lastKnownFileType = sourcecode.swift; path = TaxCalculatorContentView.swift; sourceTree = "<group>"; };
		E93D07FE2C2C37650023ABFC /* SalesContentView.swift */ = {isa = PBXFileReference; lastKnownFileType = sourcecode.swift; path = SalesContentView.swift; sourceTree = "<group>"; };
		E93D08002C2C37940023ABFC /* CalculatorContentView.swift */ = {isa = PBXFileReference; lastKnownFileType = sourcecode.swift; path = CalculatorContentView.swift; sourceTree = "<group>"; };
		E96284362DCF56BD00431751 /* ReceiptGenerator.swift */ = {isa = PBXFileReference; lastKnownFileType = sourcecode.swift; path = ReceiptGenerator.swift; sourceTree = "<group>"; };
		E96F240E2DC88B5C003FE15C /* File.txt */ = {isa = PBXFileReference; lastKnownFileType = text; path = File.txt; sourceTree = "<group>"; };
		E977C8FE2CD5783000A46790 /* DenominationTableView.swift */ = {isa = PBXFileReference; lastKnownFileType = sourcecode.swift; path = DenominationTableView.swift; sourceTree = "<group>"; };
		E97C207D2D7435C5005FDB0E /* Objectivecheader.h */ = {isa = PBXFileReference; lastKnownFileType = sourcecode.c.h; path = Objectivecheader.h; sourceTree = "<group>"; };
		E97C20802D7442D9005FDB0E /* StarPrinterManager.swift */ = {isa = PBXFileReference; lastKnownFileType = sourcecode.swift; path = StarPrinterManager.swift; sourceTree = "<group>"; };
		E99B90E32C33F0A000465084 /* Launch Screen.storyboard */ = {isa = PBXFileReference; lastKnownFileType = file.storyboard; path = "Launch Screen.storyboard"; sourceTree = "<group>"; };
		E99B90E52C33F52700465084 /* Info.plist */ = {isa = PBXFileReference; lastKnownFileType = text.plist; path = Info.plist; sourceTree = "<group>"; };
		E9C28E722D7404BE00B0A289 /* Contentviewsample.txt */ = {isa = PBXFileReference; lastKnownFileType = text; path = Contentviewsample.txt; sourceTree = "<group>"; };
		E9C28E822D742E8500B0A289 /* CoreBluetooth.framework */ = {isa = PBXFileReference; lastKnownFileType = wrapper.framework; name = CoreBluetooth.framework; path = System/Library/Frameworks/CoreBluetooth.framework; sourceTree = SDKROOT; };
		E9C28E842D742E8E00B0A289 /* ExternalAccessory.framework */ = {isa = PBXFileReference; lastKnownFileType = wrapper.framework; name = ExternalAccessory.framework; path = System/Library/Frameworks/ExternalAccessory.framework; sourceTree = SDKROOT; };
/* End PBXFileReference section */

/* Begin PBXFrameworksBuildPhase section */
		E916C9CC2C1C322600875433 /* Frameworks */ = {
			isa = PBXFrameworksBuildPhase;
			buildActionMask = 2147483647;
			files = (
				E9797C882DCE125B006CEB70 /* StarIO10 in Frameworks */,
				E96F240C2DC88014003FE15C /* ExternalAccessory.framework in Frameworks */,
				E96F240A2DC88012003FE15C /* CoreBluetooth.framework in Frameworks */,
			);
			runOnlyForDeploymentPostprocessing = 0;
		};
		E916C9DE2C1C322800875433 /* Frameworks */ = {
			isa = PBXFrameworksBuildPhase;
			buildActionMask = 2147483647;
			files = (
			);
			runOnlyForDeploymentPostprocessing = 0;
		};
		E916C9E82C1C322800875433 /* Frameworks */ = {
			isa = PBXFrameworksBuildPhase;
			buildActionMask = 2147483647;
			files = (
			);
			runOnlyForDeploymentPostprocessing = 0;
		};
/* End PBXFrameworksBuildPhase section */

/* Begin PBXGroup section */
		E916C9C62C1C322600875433 = {
			isa = PBXGroup;
			children = (
				E916C9D12C1C322600875433 /* FrontclosingAPp */,
				E916C9E42C1C322800875433 /* FrontclosingAPpTests */,
				E916C9EE2C1C322800875433 /* FrontclosingAPpUITests */,
				E916C9D02C1C322600875433 /* Products */,
				E9C28E742D742D7900B0A289 /* Frameworks */,
			);
			sourceTree = "<group>";
		};
		E916C9D02C1C322600875433 /* Products */ = {
			isa = PBXGroup;
			children = (
				E916C9CF2C1C322600875433 /* FrontclosingAPp.app */,
				E916C9E12C1C322800875433 /* FrontclosingAPpTests.xctest */,
				E916C9EB2C1C322800875433 /* FrontclosingAPpUITests.xctest */,
			);
			name = Products;
			sourceTree = "<group>";
		};
		E916C9D12C1C322600875433 /* FrontclosingAPp */ = {
			isa = PBXGroup;
			children = (
				E99B90E52C33F52700465084 /* Info.plist */,
				E97C207D2D7435C5005FDB0E /* Objectivecheader.h */,
				E916C9D22C1C322600875433 /* FrontclosingAPp.swift */,
				E916C9D42C1C322600875433 /* ContentView.swift */,
				E9C28E722D7404BE00B0A289 /* Contentviewsample.txt */,
				E93D07FE2C2C37650023ABFC /* SalesContentView.swift */,
				E93D08002C2C37940023ABFC /* CalculatorContentView.swift */,
				E9246C6E2CA60CDE00E80043 /* TaxCalculatorContentView.swift */,
				E977C8FE2CD5783000A46790 /* DenominationTableView.swift */,
				E916C9D62C1C322600875433 /* Item.swift */,
				E97C20802D7442D9005FDB0E /* StarPrinterManager.swift */,
				E96284362DCF56BD00431751 /* ReceiptGenerator.swift */,
				E96F240E2DC88B5C003FE15C /* File.txt */,
				E916C9D82C1C322800875433 /* Assets.xcassets */,
				E99B90E32C33F0A000465084 /* Launch Screen.storyboard */,
				E916C9DA2C1C322800875433 /* Preview Content */,
			);
			name = FrontclosingAPp;
			path = "/Users/shakshamshubham/Desktop/Masters made Project/FrontclosingAPp/FrontclosingAPp";
			sourceTree = "<absolute>";
		};
		E916C9DA2C1C322800875433 /* Preview Content */ = {
			isa = PBXGroup;
			children = (
				E916C9DB2C1C322800875433 /* Preview Assets.xcassets */,
			);
			path = "Preview Content";
			sourceTree = "<group>";
		};
		E916C9E42C1C322800875433 /* FrontclosingAPpTests */ = {
			isa = PBXGroup;
			children = (
				E916C9E52C1C322800875433 /* FrontclosingAPpTests.swift */,
			);
			path = FrontclosingAPpTests;
			sourceTree = "<group>";
		};
		E916C9EE2C1C322800875433 /* FrontclosingAPpUITests */ = {
			isa = PBXGroup;
			children = (
			);
			path = FrontclosingAPpUITests;
			sourceTree = "<group>";
		};
		E9C28E742D742D7900B0A289 /* Frameworks */ = {
			isa = PBXGroup;
			children = (
				E9C28E842D742E8E00B0A289 /* ExternalAccessory.framework */,
				E9C28E822D742E8500B0A289 /* CoreBluetooth.framework */,
			);
			name = Frameworks;
			sourceTree = "<group>";
		};
/* End PBXGroup section */

/* Begin PBXHeadersBuildPhase section */
		E97C207F2D743C6C005FDB0E /* Headers */ = {
			isa = PBXHeadersBuildPhase;
			buildActionMask = 2147483647;
			files = (
			);
			runOnlyForDeploymentPostprocessing = 0;
		};
/* End PBXHeadersBuildPhase section */

/* Begin PBXNativeTarget section */
		E916C9CE2C1C322600875433 /* FrontclosingAPp */ = {
			isa = PBXNativeTarget;
			buildConfigurationList = E916C9F52C1C322800875433 /* Build configuration list for PBXNativeTarget "FrontclosingAPp" */;
			buildPhases = (
				E97C207F2D743C6C005FDB0E /* Headers */,
				E916C9CB2C1C322600875433 /* Sources */,
				E916C9CC2C1C322600875433 /* Frameworks */,
				E916C9CD2C1C322600875433 /* Resources */,
				E9C28E7D2D742E3300B0A289 /* Embed Frameworks */,
			);
			buildRules = (
			);
			dependencies = (
			);
			name = FrontclosingAPp;
			packageProductDependencies = (
				E9797C872DCE125B006CEB70 /* StarIO10 */,
			);
			productName = FrontclosingAPp;
			productReference = E916C9CF2C1C322600875433 /* FrontclosingAPp.app */;
			productType = "com.apple.product-type.application";
		};
		E916C9E02C1C322800875433 /* FrontclosingAPpTests */ = {
			isa = PBXNativeTarget;
			buildConfigurationList = E916C9F82C1C322800875433 /* Build configuration list for PBXNativeTarget "FrontclosingAPpTests" */;
			buildPhases = (
				E916C9DD2C1C322800875433 /* Sources */,
				E916C9DE2C1C322800875433 /* Frameworks */,
				E916C9DF2C1C322800875433 /* Resources */,
			);
			buildRules = (
			);
			dependencies = (
				E916C9E32C1C322800875433 /* PBXTargetDependency */,
			);
			name = FrontclosingAPpTests;
			productName = FrontclosingAPpTests;
			productReference = E916C9E12C1C322800875433 /* FrontclosingAPpTests.xctest */;
			productType = "com.apple.product-type.bundle.unit-test";
		};
		E916C9EA2C1C322800875433 /* FrontclosingAPpUITests */ = {
			isa = PBXNativeTarget;
			buildConfigurationList = E916C9FB2C1C322800875433 /* Build configuration list for PBXNativeTarget "FrontclosingAPpUITests" */;
			buildPhases = (
				E916C9E72C1C322800875433 /* Sources */,
				E916C9E82C1C322800875433 /* Frameworks */,
				E916C9E92C1C322800875433 /* Resources */,
			);
			buildRules = (
			);
			dependencies = (
				E916C9ED2C1C322800875433 /* PBXTargetDependency */,
			);
			name = FrontclosingAPpUITests;
			productName = FrontclosingAPpUITests;
			productReference = E916C9EB2C1C322800875433 /* FrontclosingAPpUITests.xctest */;
			productType = "com.apple.product-type.bundle.ui-testing";
		};
/* End PBXNativeTarget section */

/* Begin PBXProject section */
		E916C9C72C1C322600875433 /* Project object */ = {
			isa = PBXProject;
			attributes = {
				BuildIndependentTargetsInParallel = 1;
				LastSwiftUpdateCheck = 1540;
				LastUpgradeCheck = 1540;
				TargetAttributes = {
					E916C9CE2C1C322600875433 = {
						CreatedOnToolsVersion = 15.4;
					};
					E916C9E02C1C322800875433 = {
						CreatedOnToolsVersion = 15.4;
						TestTargetID = E916C9CE2C1C322600875433;
					};
					E916C9EA2C1C322800875433 = {
						CreatedOnToolsVersion = 15.4;
						TestTargetID = E916C9CE2C1C322600875433;
					};
				};
			};
			buildConfigurationList = E916C9CA2C1C322600875433 /* Build configuration list for PBXProject "FrontclosingAPp" */;
			compatibilityVersion = "Xcode 14.0";
			developmentRegion = en;
			hasScannedForEncodings = 0;
			knownRegions = (
				en,
				Base,
				ja,
			);
			mainGroup = E916C9C62C1C322600875433;
			packageReferences = (
				E9797C862DCE125B006CEB70 /* XCRemoteSwiftPackageReference "StarXpand-SDK-iOS" */,
			);
			productRefGroup = E916C9D02C1C322600875433 /* Products */;
			projectDirPath = "";
			projectRoot = "";
			targets = (
				E916C9CE2C1C322600875433 /* FrontclosingAPp */,
				E916C9E02C1C322800875433 /* FrontclosingAPpTests */,
				E916C9EA2C1C322800875433 /* FrontclosingAPpUITests */,
			);
		};
/* End PBXProject section */

/* Begin PBXResourcesBuildPhase section */
		E916C9CD2C1C322600875433 /* Resources */ = {
			isa = PBXResourcesBuildPhase;
			buildActionMask = 2147483647;
			files = (
				E99B90E42C33F0A000465084 /* Launch Screen.storyboard in Resources */,
				E916C9DC2C1C322800875433 /* Preview Assets.xcassets in Resources */,
				E96F240F2DC88B5C003FE15C /* File.txt in Resources */,
				E916C9D92C1C322800875433 /* Assets.xcassets in Resources */,
			);
			runOnlyForDeploymentPostprocessing = 0;
		};
		E916C9DF2C1C322800875433 /* Resources */ = {
			isa = PBXResourcesBuildPhase;
			buildActionMask = 2147483647;
			files = (
			);
			runOnlyForDeploymentPostprocessing = 0;
		};
		E916C9E92C1C322800875433 /* Resources */ = {
			isa = PBXResourcesBuildPhase;
			buildActionMask = 2147483647;
			files = (
			);
			runOnlyForDeploymentPostprocessing = 0;
		};
/* End PBXResourcesBuildPhase section */

/* Begin PBXSourcesBuildPhase section */
		E916C9CB2C1C322600875433 /* Sources */ = {
			isa = PBXSourcesBuildPhase;
			buildActionMask = 2147483647;
			files = (
				E97C207E2D743C28005FDB0E /* Objectivecheader.h in Sources */,
				E916C9D52C1C322600875433 /* ContentView.swift in Sources */,
				E96284372DCF56BD00431751 /* ReceiptGenerator.swift in Sources */,
				E93D08012C2C37940023ABFC /* CalculatorContentView.swift in Sources */,
				E9C28E732D7404BE00B0A289 /* Contentviewsample.txt in Sources */,
				E916C9D72C1C322600875433 /* Item.swift in Sources */,
				E916C9D32C1C322600875433 /* FrontclosingAPp.swift in Sources */,
				E97C20812D7442D9005FDB0E /* StarPrinterManager.swift in Sources */,
				E93D07FF2C2C37650023ABFC /* SalesContentView.swift in Sources */,
				E977C8FF2CD5783000A46790 /* DenominationTableView.swift in Sources */,
				E9246C6F2CA60CDE00E80043 /* TaxCalculatorContentView.swift in Sources */,
			);
			runOnlyForDeploymentPostprocessing = 0;
		};
		E916C9DD2C1C322800875433 /* Sources */ = {
			isa = PBXSourcesBuildPhase;
			buildActionMask = 2147483647;
			files = (
				E916C9E62C1C322800875433 /* FrontclosingAPpTests.swift in Sources */,
			);
			runOnlyForDeploymentPostprocessing = 0;
		};
		E916C9E72C1C322800875433 /* Sources */ = {
			isa = PBXSourcesBuildPhase;
			buildActionMask = 2147483647;
			files = (
			);
			runOnlyForDeploymentPostprocessing = 0;
		};
/* End PBXSourcesBuildPhase section */

/* Begin PBXTargetDependency section */
		E916C9E32C1C322800875433 /* PBXTargetDependency */ = {
			isa = PBXTargetDependency;
			target = E916C9CE2C1C322600875433 /* FrontclosingAPp */;
			targetProxy = E916C9E22C1C322800875433 /* PBXContainerItemProxy */;
		};
		E916C9ED2C1C322800875433 /* PBXTargetDependency */ = {
			isa = PBXTargetDependency;
			target = E916C9CE2C1C322600875433 /* FrontclosingAPp */;
			targetProxy = E916C9EC2C1C322800875433 /* PBXContainerItemProxy */;
		};
/* End PBXTargetDependency section */

/* Begin XCBuildConfiguration section */
		E916C9F32C1C322800875433 /* Debug */ = {
			isa = XCBuildConfiguration;
			buildSettings = {
				ALWAYS_SEARCH_USER_PATHS = NO;
				ASSETCATALOG_COMPILER_GENERATE_SWIFT_ASSET_SYMBOL_EXTENSIONS = YES;
				CLANG_ANALYZER_NONNULL = YES;
				CLANG_ANALYZER_NUMBER_OBJECT_CONVERSION = YES_AGGRESSIVE;
				CLANG_CXX_LANGUAGE_STANDARD = "gnu++20";
				CLANG_ENABLE_MODULES = YES;
				CLANG_ENABLE_OBJC_ARC = YES;
				CLANG_ENABLE_OBJC_WEAK = YES;
				CLANG_WARN_BLOCK_CAPTURE_AUTORELEASING = YES;
				CLANG_WARN_BOOL_CONVERSION = YES;
				CLANG_WARN_COMMA = YES;
				CLANG_WARN_CONSTANT_CONVERSION = YES;
				CLANG_WARN_DEPRECATED_OBJC_IMPLEMENTATIONS = YES;
				CLANG_WARN_DIRECT_OBJC_ISA_USAGE = YES_ERROR;
				CLANG_WARN_DOCUMENTATION_COMMENTS = YES;
				CLANG_WARN_EMPTY_BODY = YES;
				CLANG_WARN_ENUM_CONVERSION = YES;
				CLANG_WARN_INFINITE_RECURSION = YES;
				CLANG_WARN_INT_CONVERSION = YES;
				CLANG_WARN_NON_LITERAL_NULL_CONVERSION = YES;
				CLANG_WARN_OBJC_IMPLICIT_RETAIN_SELF = YES;
				CLANG_WARN_OBJC_LITERAL_CONVERSION = YES;
				CLANG_WARN_OBJC_ROOT_CLASS = YES_ERROR;
				CLANG_WARN_QUOTED_INCLUDE_IN_FRAMEWORK_HEADER = YES;
				CLANG_WARN_RANGE_LOOP_ANALYSIS = YES;
				CLANG_WARN_STRICT_PROTOTYPES = YES;
				CLANG_WARN_SUSPICIOUS_MOVE = YES;
				CLANG_WARN_UNGUARDED_AVAILABILITY = YES_AGGRESSIVE;
				CLANG_WARN_UNREACHABLE_CODE = YES;
				CLANG_WARN__DUPLICATE_METHOD_MATCH = YES;
				COPY_PHASE_STRIP = NO;
				DEBUG_INFORMATION_FORMAT = dwarf;
				ENABLE_STRICT_OBJC_MSGSEND = YES;
				ENABLE_TESTABILITY = YES;
				ENABLE_USER_SCRIPT_SANDBOXING = YES;
				GCC_C_LANGUAGE_STANDARD = gnu17;
				GCC_DYNAMIC_NO_PIC = NO;
				GCC_NO_COMMON_BLOCKS = YES;
				GCC_OPTIMIZATION_LEVEL = 0;
				GCC_PREPROCESSOR_DEFINITIONS = (
					"DEBUG=1",
					"$(inherited)",
				);
				GCC_WARN_64_TO_32_BIT_CONVERSION = YES;
				GCC_WARN_ABOUT_RETURN_TYPE = YES_ERROR;
				GCC_WARN_UNDECLARED_SELECTOR = YES;
				GCC_WARN_UNINITIALIZED_AUTOS = YES_AGGRESSIVE;
				GCC_WARN_UNUSED_FUNCTION = YES;
				GCC_WARN_UNUSED_VARIABLE = YES;
				IPHONEOS_DEPLOYMENT_TARGET = 17.5;
				LOCALIZATION_PREFERS_STRING_CATALOGS = YES;
				MTL_ENABLE_DEBUG_INFO = INCLUDE_SOURCE;
				MTL_FAST_MATH = YES;
				ONLY_ACTIVE_ARCH = YES;
				SDKROOT = iphoneos;
				SWIFT_ACTIVE_COMPILATION_CONDITIONS = "DEBUG $(inherited)";
				SWIFT_OPTIMIZATION_LEVEL = "-Onone";
			};
			name = Debug;
		};
		E916C9F42C1C322800875433 /* Release */ = {
			isa = XCBuildConfiguration;
			buildSettings = {
				ALWAYS_SEARCH_USER_PATHS = NO;
				ASSETCATALOG_COMPILER_GENERATE_SWIFT_ASSET_SYMBOL_EXTENSIONS = YES;
				CLANG_ANALYZER_NONNULL = YES;
				CLANG_ANALYZER_NUMBER_OBJECT_CONVERSION = YES_AGGRESSIVE;
				CLANG_CXX_LANGUAGE_STANDARD = "gnu++20";
				CLANG_ENABLE_MODULES = YES;
				CLANG_ENABLE_OBJC_ARC = YES;
				CLANG_ENABLE_OBJC_WEAK = YES;
				CLANG_WARN_BLOCK_CAPTURE_AUTORELEASING = YES;
				CLANG_WARN_BOOL_CONVERSION = YES;
				CLANG_WARN_COMMA = YES;
				CLANG_WARN_CONSTANT_CONVERSION = YES;
				CLANG_WARN_DEPRECATED_OBJC_IMPLEMENTATIONS = YES;
				CLANG_WARN_DIRECT_OBJC_ISA_USAGE = YES_ERROR;
				CLANG_WARN_DOCUMENTATION_COMMENTS = YES;
				CLANG_WARN_EMPTY_BODY = YES;
				CLANG_WARN_ENUM_CONVERSION = YES;
				CLANG_WARN_INFINITE_RECURSION = YES;
				CLANG_WARN_INT_CONVERSION = YES;
				CLANG_WARN_NON_LITERAL_NULL_CONVERSION = YES;
				CLANG_WARN_OBJC_IMPLICIT_RETAIN_SELF = YES;
				CLANG_WARN_OBJC_LITERAL_CONVERSION = YES;
				CLANG_WARN_OBJC_ROOT_CLASS = YES_ERROR;
				CLANG_WARN_QUOTED_INCLUDE_IN_FRAMEWORK_HEADER = YES;
				CLANG_WARN_RANGE_LOOP_ANALYSIS = YES;
				CLANG_WARN_STRICT_PROTOTYPES = YES;
				CLANG_WARN_SUSPICIOUS_MOVE = YES;
				CLANG_WARN_UNGUARDED_AVAILABILITY = YES_AGGRESSIVE;
				CLANG_WARN_UNREACHABLE_CODE = YES;
				CLANG_WARN__DUPLICATE_METHOD_MATCH = YES;
				COPY_PHASE_STRIP = NO;
				DEBUG_INFORMATION_FORMAT = "dwarf-with-dsym";
				ENABLE_NS_ASSERTIONS = NO;
				ENABLE_STRICT_OBJC_MSGSEND = YES;
				ENABLE_USER_SCRIPT_SANDBOXING = YES;
				GCC_C_LANGUAGE_STANDARD = gnu17;
				GCC_NO_COMMON_BLOCKS = YES;
				GCC_WARN_64_TO_32_BIT_CONVERSION = YES;
				GCC_WARN_ABOUT_RETURN_TYPE = YES_ERROR;
				GCC_WARN_UNDECLARED_SELECTOR = YES;
				GCC_WARN_UNINITIALIZED_AUTOS = YES_AGGRESSIVE;
				GCC_WARN_UNUSED_FUNCTION = YES;
				GCC_WARN_UNUSED_VARIABLE = YES;
				IPHONEOS_DEPLOYMENT_TARGET = 17.5;
				LOCALIZATION_PREFERS_STRING_CATALOGS = YES;
				MTL_ENABLE_DEBUG_INFO = NO;
				MTL_FAST_MATH = YES;
				SDKROOT = iphoneos;
				SWIFT_COMPILATION_MODE = wholemodule;
				VALIDATE_PRODUCT = YES;
			};
			name = Release;
		};
		E916C9F62C1C322800875433 /* Debug */ = {
			isa = XCBuildConfiguration;
			buildSettings = {
				ASSETCATALOG_COMPILER_APPICON_NAME = AppIcon;
				ASSETCATALOG_COMPILER_GLOBAL_ACCENT_COLOR_NAME = AccentColor;
				CODE_SIGN_STYLE = Automatic;
				CURRENT_PROJECT_VERSION = 1;
				DEVELOPMENT_ASSET_PATHS = "\"FrontclosingAPp/Preview Content\"";
				DEVELOPMENT_TEAM = YP6YG639M2;
				ENABLE_PREVIEWS = YES;
				GENERATE_INFOPLIST_FILE = YES;
				HEADER_SEARCH_PATHS = "\"/Users/shakshamshubham/Desktop/Masters made Project/FrontclosingAPp/FrontclosingAPp/\"";
				INFOPLIST_FILE = FrontclosingAPp/Info.plist;
				INFOPLIST_KEY_CFBundleDisplayName = "NYF Till Calculator";
				INFOPLIST_KEY_LSApplicationCategoryType = "";
				INFOPLIST_KEY_UIApplicationSceneManifest_Generation = YES;
				INFOPLIST_KEY_UIApplicationSupportsIndirectInputEvents = YES;
				INFOPLIST_KEY_UILaunchScreen_Generation = YES;
				INFOPLIST_KEY_UILaunchStoryboardName = "Launch Screen.storyboard";
				INFOPLIST_KEY_UISupportedInterfaceOrientations = "UIInterfaceOrientationLandscapeLeft UIInterfaceOrientationLandscapeRight UIInterfaceOrientationPortrait UIInterfaceOrientationPortraitUpsideDown";
				LD_RUNPATH_SEARCH_PATHS = (
					"$(inherited)",
					"@executable_path/Frameworks",
				);
				MARKETING_VERSION = 1.0;
				PRODUCT_BUNDLE_IDENTIFIER = com.Samapp.Frontclosing.FrontclosingAPp;
				PRODUCT_NAME = "$(TARGET_NAME)";
				SWIFT_EMIT_LOC_STRINGS = YES;
				SWIFT_OBJC_BRIDGING_HEADER = "$(PROJECT_DIR)/FrontclosingAPp/Objectivecheader.h";
				SWIFT_VERSION = 5.0;
				TARGETED_DEVICE_FAMILY = "1,2";
			};
			name = Debug;
		};
		E916C9F72C1C322800875433 /* Release */ = {
			isa = XCBuildConfiguration;
			buildSettings = {
				ASSETCATALOG_COMPILER_APPICON_NAME = AppIcon;
				ASSETCATALOG_COMPILER_GLOBAL_ACCENT_COLOR_NAME = AccentColor;
				CODE_SIGN_STYLE = Automatic;
				CURRENT_PROJECT_VERSION = 1;
				DEVELOPMENT_ASSET_PATHS = "\"FrontclosingAPp/Preview Content\"";
				DEVELOPMENT_TEAM = YP6YG639M2;
				ENABLE_PREVIEWS = YES;
				GENERATE_INFOPLIST_FILE = YES;
				HEADER_SEARCH_PATHS = "\"/Users/shakshamshubham/Desktop/Masters made Project/FrontclosingAPp/FrontclosingAPp/\"";
				INFOPLIST_FILE = FrontclosingAPp/Info.plist;
				INFOPLIST_KEY_CFBundleDisplayName = "NYF Till Calculator";
				INFOPLIST_KEY_LSApplicationCategoryType = "";
				INFOPLIST_KEY_UIApplicationSceneManifest_Generation = YES;
				INFOPLIST_KEY_UIApplicationSupportsIndirectInputEvents = YES;
				INFOPLIST_KEY_UILaunchScreen_Generation = YES;
				INFOPLIST_KEY_UILaunchStoryboardName = "Launch Screen.storyboard";
				INFOPLIST_KEY_UISupportedInterfaceOrientations = "UIInterfaceOrientationLandscapeLeft UIInterfaceOrientationLandscapeRight UIInterfaceOrientationPortrait UIInterfaceOrientationPortraitUpsideDown";
				LD_RUNPATH_SEARCH_PATHS = (
					"$(inherited)",
					"@executable_path/Frameworks",
				);
				MARKETING_VERSION = 1.0;
				PRODUCT_BUNDLE_IDENTIFIER = com.Samapp.Frontclosing.FrontclosingAPp;
				PRODUCT_NAME = "$(TARGET_NAME)";
				SWIFT_EMIT_LOC_STRINGS = YES;
				SWIFT_OBJC_BRIDGING_HEADER = "$(PROJECT_DIR)/FrontclosingAPp/Objectivecheader.h";
				SWIFT_VERSION = 5.0;
				TARGETED_DEVICE_FAMILY = "1,2";
			};
			name = Release;
		};
		E916C9F92C1C322800875433 /* Debug */ = {
			isa = XCBuildConfiguration;
			buildSettings = {
				ALWAYS_EMBED_SWIFT_STANDARD_LIBRARIES = YES;
				BUNDLE_LOADER = "$(TEST_HOST)";
				CODE_SIGN_STYLE = Automatic;
				CURRENT_PROJECT_VERSION = 1;
				GENERATE_INFOPLIST_FILE = YES;
				IPHONEOS_DEPLOYMENT_TARGET = 17.5;
				MARKETING_VERSION = 1.0;
				PRODUCT_BUNDLE_IDENTIFIER = com.Samapp.Frontclosing.FrontclosingAPpTests;
				PRODUCT_NAME = "$(TARGET_NAME)";
				SWIFT_EMIT_LOC_STRINGS = NO;
				SWIFT_VERSION = 5.0;
				TARGETED_DEVICE_FAMILY = "1,2";
				TEST_HOST = "$(BUILT_PRODUCTS_DIR)/FrontclosingAPp.app/$(BUNDLE_EXECUTABLE_FOLDER_PATH)/FrontclosingAPp";
			};
			name = Debug;
		};
		E916C9FA2C1C322800875433 /* Release */ = {
			isa = XCBuildConfiguration;
			buildSettings = {
				ALWAYS_EMBED_SWIFT_STANDARD_LIBRARIES = YES;
				BUNDLE_LOADER = "$(TEST_HOST)";
				CODE_SIGN_STYLE = Automatic;
				CURRENT_PROJECT_VERSION = 1;
				GENERATE_INFOPLIST_FILE = YES;
				IPHONEOS_DEPLOYMENT_TARGET = 17.5;
				MARKETING_VERSION = 1.0;
				PRODUCT_BUNDLE_IDENTIFIER = com.Samapp.Frontclosing.FrontclosingAPpTests;
				PRODUCT_NAME = "$(TARGET_NAME)";
				SWIFT_EMIT_LOC_STRINGS = NO;
				SWIFT_VERSION = 5.0;
				TARGETED_DEVICE_FAMILY = "1,2";
				TEST_HOST = "$(BUILT_PRODUCTS_DIR)/FrontclosingAPp.app/$(BUNDLE_EXECUTABLE_FOLDER_PATH)/FrontclosingAPp";
			};
			name = Release;
		};
		E916C9FC2C1C322800875433 /* Debug */ = {
			isa = XCBuildConfiguration;
			buildSettings = {
				ALWAYS_EMBED_SWIFT_STANDARD_LIBRARIES = YES;
				CODE_SIGN_STYLE = Automatic;
				CURRENT_PROJECT_VERSION = 1;
				GENERATE_INFOPLIST_FILE = YES;
				MARKETING_VERSION = 1.0;
				PRODUCT_BUNDLE_IDENTIFIER = com.Samapp.Frontclosing.FrontclosingAPpUITests;
				PRODUCT_NAME = "$(TARGET_NAME)";
				SWIFT_EMIT_LOC_STRINGS = NO;
				SWIFT_VERSION = 5.0;
				TARGETED_DEVICE_FAMILY = "1,2";
				TEST_TARGET_NAME = FrontclosingAPp;
			};
			name = Debug;
		};
		E916C9FD2C1C322800875433 /* Release */ = {
			isa = XCBuildConfiguration;
			buildSettings = {
				ALWAYS_EMBED_SWIFT_STANDARD_LIBRARIES = YES;
				CODE_SIGN_STYLE = Automatic;
				CURRENT_PROJECT_VERSION = 1;
				GENERATE_INFOPLIST_FILE = YES;
				MARKETING_VERSION = 1.0;
				PRODUCT_BUNDLE_IDENTIFIER = com.Samapp.Frontclosing.FrontclosingAPpUITests;
				PRODUCT_NAME = "$(TARGET_NAME)";
				SWIFT_EMIT_LOC_STRINGS = NO;
				SWIFT_VERSION = 5.0;
				TARGETED_DEVICE_FAMILY = "1,2";
				TEST_TARGET_NAME = FrontclosingAPp;
			};
			name = Release;
		};
/* End XCBuildConfiguration section */

/* Begin XCConfigurationList section */
		E916C9CA2C1C322600875433 /* Build configuration list for PBXProject "FrontclosingAPp" */ = {
			isa = XCConfigurationList;
			buildConfigurations = (
				E916C9F32C1C322800875433 /* Debug */,
				E916C9F42C1C322800875433 /* Release */,
			);
			defaultConfigurationIsVisible = 0;
			defaultConfigurationName = Release;
		};
		E916C9F52C1C322800875433 /* Build configuration list for PBXNativeTarget "FrontclosingAPp" */ = {
			isa = XCConfigurationList;
			buildConfigurations = (
				E916C9F62C1C322800875433 /* Debug */,
				E916C9F72C1C322800875433 /* Release */,
			);
			defaultConfigurationIsVisible = 0;
			defaultConfigurationName = Release;
		};
		E916C9F82C1C322800875433 /* Build configuration list for PBXNativeTarget "FrontclosingAPpTests" */ = {
			isa = XCConfigurationList;
			buildConfigurations = (
				E916C9F92C1C322800875433 /* Debug */,
				E916C9FA2C1C322800875433 /* Release */,
			);
			defaultConfigurationIsVisible = 0;
			defaultConfigurationName = Release;
		};
		E916C9FB2C1C322800875433 /* Build configuration list for PBXNativeTarget "FrontclosingAPpUITests" */ = {
			isa = XCConfigurationList;
			buildConfigurations = (
				E916C9FC2C1C322800875433 /* Debug */,
				E916C9FD2C1C322800875433 /* Release */,
			);
			defaultConfigurationIsVisible = 0;
			defaultConfigurationName = Release;
		};
/* End XCConfigurationList section */

/* Begin XCRemoteSwiftPackageReference section */
		E9797C862DCE125B006CEB70 /* XCRemoteSwiftPackageReference "StarXpand-SDK-iOS" */ = {
			isa = XCRemoteSwiftPackageReference;
			repositoryURL = "https://github.com/star-micronics/StarXpand-SDK-iOS";
			requirement = {
				kind = upToNextMajorVersion;
				minimumVersion = 2.8.0;
			};
		};
/* End XCRemoteSwiftPackageReference section */

/* Begin XCSwiftPackageProductDependency section */
		E9797C872DCE125B006CEB70 /* StarIO10 */ = {
			isa = XCSwiftPackageProductDependency;
			package = E9797C862DCE125B006CEB70 /* XCRemoteSwiftPackageReference "StarXpand-SDK-iOS" */;
			productName = StarIO10;
		};
/* End XCSwiftPackageProductDependency section */
	};
	rootObject = E916C9C72C1C322600875433 /* Project object */;
}
