// !$*UTF8*$!
{
	archiveVersion = 1;
	classes = {
	};
	objectVersion = 56;
	objects = {

/* Begin PBXBuildFile section */
		E91600E62DDF60570022AF72 /* WeScan in Frameworks */ = {isa = PBXBuildFile; productRef = E91600E52DDF60570022AF72 /* WeScan */; };
		E91600E82DDF61910022AF72 /* WeScanScanner.swift in Sources */ = {isa = PBXBuildFile; fileRef = E91600E72DDF61910022AF72 /* WeScanScanner.swift */; };
		E91600EA2DDF72720022AF72 /* TabBarHider.swift in Sources */ = {isa = PBXBuildFile; fileRef = E91600E92DDF72720022AF72 /* TabBarHider.swift */; };
		E916C9D32C1C322600875433 /* FrontclosingAPp.swift in Sources */ = {isa = PBXBuildFile; fileRef = E916C9D22C1C322600875433 /* FrontclosingAPp.swift */; };
		E916C9D52C1C322600875433 /* ContentView.swift in Sources */ = {isa = PBXBuildFile; fileRef = E916C9D42C1C322600875433 /* ContentView.swift */; };
		E916C9D72C1C322600875433 /* Item.swift in Sources */ = {isa = PBXBuildFile; fileRef = E916C9D62C1C322600875433 /* Item.swift */; };
		E916C9D92C1C322800875433 /* Assets.xcassets in Resources */ = {isa = PBXBuildFile; fileRef = E916C9D82C1C322800875433 /* Assets.xcassets */; };
		E916C9DC2C1C322800875433 /* Preview Assets.xcassets in Resources */ = {isa = PBXBuildFile; fileRef = E916C9DB2C1C322800875433 /* Preview Assets.xcassets */; };
		E916C9E62C1C322800875433 /* FrontclosingAPpTests.swift in Sources */ = {isa = PBXBuildFile; fileRef = E916C9E52C1C322800875433 /* FrontclosingAPpTests.swift */; };
		E91F1C982DDDE09C0002045F /* TaxCalculatorContentView.swift in Sources */ = {isa = PBXBuildFile; fileRef = E91F1C942DDDE09C0002045F /* TaxCalculatorContentView.swift */; };
		E91F1C992DDDE09C0002045F /* CalculatorContentView.swift in Sources */ = {isa = PBXBuildFile; fileRef = E91F1C952DDDE09C0002045F /* CalculatorContentView.swift */; };
		E91F1C9A2DDDE09C0002045F /* DenominationTableView.swift in Sources */ = {isa = PBXBuildFile; fileRef = E91F1C962DDDE09C0002045F /* DenominationTableView.swift */; };
		E91F1C9B2DDDE09C0002045F /* SalesContentView.swift in Sources */ = {isa = PBXBuildFile; fileRef = E91F1C972DDDE09C0002045F /* SalesContentView.swift */; };
		E91F1CA22DDDE0A60002045F /* ImagePicker.swift in Sources */ = {isa = PBXBuildFile; fileRef = E91F1C9C2DDDE0A60002045F /* ImagePicker.swift */; };
		E91F1CA32DDDE0A60002045F /* POSSalesByOrderParser.swift in Sources */ = {isa = PBXBuildFile; fileRef = E91F1C9D2DDDE0A60002045F /* POSSalesByOrderParser.swift */; };
		E91F1CA42DDDE0A60002045F /* DSRScannerView.swift in Sources */ = {isa = PBXBuildFile; fileRef = E91F1C9E2DDDE0A60002045F /* DSRScannerView.swift */; };
		E91F1CA52DDDE0A60002045F /* DSRReportView.swift in Sources */ = {isa = PBXBuildFile; fileRef = E91F1C9F2DDDE0A60002045F /* DSRReportView.swift */; };
		E91F1CA62DDDE0A60002045F /* DSRMetrics.swift in Sources */ = {isa = PBXBuildFile; fileRef = E91F1CA02DDDE0A60002045F /* DSRMetrics.swift */; };
		E91F1CA72DDDE0A60002045F /* ParsedListView.swift in Sources */ = {isa = PBXBuildFile; fileRef = E91F1CA12DDDE0A60002045F /* ParsedListView.swift */; };
		E91F1CAB2DDDE0AF0002045F /* StarPrinterManager.swift in Sources */ = {isa = PBXBuildFile; fileRef = E91F1CA82DDDE0AF0002045F /* StarPrinterManager.swift */; };
		E91F1CAC2DDDE0AF0002045F /* PrinterJobQueue.swift in Sources */ = {isa = PBXBuildFile; fileRef = E91F1CA92DDDE0AF0002045F /* PrinterJobQueue.swift */; };
		E91F1CAD2DDDE0AF0002045F /* ReceiptGenerator.swift in Sources */ = {isa = PBXBuildFile; fileRef = E91F1CAA2DDDE0AF0002045F /* ReceiptGenerator.swift */; };
		E91F1CAF2DDDF03E0002045F /* CameraCaptureView.swift in Sources */ = {isa = PBXBuildFile; fileRef = E91F1CAE2DDDF03E0002045F /* CameraCaptureView.swift */; };
		E91F1CB82DDDFC180002045F /* AutoCrop.swift in Sources */ = {isa = PBXBuildFile; fileRef = E91F1CB72DDDFC180002045F /* AutoCrop.swift */; };
		E91F1CBA2DDDFCFE0002045F /* DocumentScannerView.swift in Sources */ = {isa = PBXBuildFile; fileRef = E91F1CB92DDDFCFE0002045F /* DocumentScannerView.swift */; };
		E91F1CBD2DDDFD1F0002045F /* CropViewController in Frameworks */ = {isa = PBXBuildFile; productRef = E91F1CBC2DDDFD1F0002045F /* CropViewController */; };
		E91F1CBF2DDDFD1F0002045F /* TOCropViewController in Frameworks */ = {isa = PBXBuildFile; productRef = E91F1CBE2DDDFD1F0002045F /* TOCropViewController */; };
		E96F240A2DC88012003FE15C /* CoreBluetooth.framework in Frameworks */ = {isa = PBXBuildFile; fileRef = E9C28E822D742E8500B0A289 /* CoreBluetooth.framework */; };
		E96F240C2DC88014003FE15C /* ExternalAccessory.framework in Frameworks */ = {isa = PBXBuildFile; fileRef = E9C28E842D742E8E00B0A289 /* ExternalAccessory.framework */; };
		E9797C882DCE125B006CEB70 /* StarIO10 in Frameworks */ = {isa = PBXBuildFile; productRef = E9797C872DCE125B006CEB70 /* StarIO10 */; };
		E97C207E2D743C28005FDB0E /* Objectivecheader.h in Sources */ = {isa = PBXBuildFile; fileRef = E97C207D2D7435C5005FDB0E /* Objectivecheader.h */; };
		E99B90E42C33F0A000465084 /* Launch Screen.storyboard in Resources */ = {isa = PBXBuildFile; fileRef = E99B90E32C33F0A000465084 /* Launch Screen.storyboard */; };
		E9AA499C2DE5E73500F7282D /* DSRReceiptGenerator.swift .swift in Sources */ = {isa = PBXBuildFile; fileRef = E9AA499B2DE5E73500F7282D /* DSRReceiptGenerator.swift .swift */; };
		E9AA49A02DE5F27B00F7282D /* DSRReportImageRenderer.swift in Sources */ = {isa = PBXBuildFile; fileRef = E9AA499F2DE5F27A00F7282D /* DSRReportImageRenderer.swift */; };
/* End PBXBuildFile section */

/* Begin PBXContainerItemProxy section */
		E916C9E22C1C322800875433 /* PBXContainerItemProxy */ = {
			isa = PBXContainerItemProxy;
			containerPortal = E916C9C72C1C322600875433 /* Project object */;
			proxyType = 1;
			remoteGlobalIDString = E916C9CE2C1C322600875433;
			remoteInfo = FrontclosingAPp;
		};
		E916C9EC2C1C322800875433 /* PBXContainerItemProxy */ = {
			isa = PBXContainerItemProxy;
			containerPortal = E916C9C72C1C322600875433 /* Project object */;
			proxyType = 1;
			remoteGlobalIDString = E916C9CE2C1C322600875433;
			remoteInfo = FrontclosingAPp;
		};
/* End PBXContainerItemProxy section */

/* Begin PBXCopyFilesBuildPhase section */
		E9C28E7D2D742E3300B0A289 /* Embed Frameworks */ = {
			isa = PBXCopyFilesBuildPhase;
			buildActionMask = 2147483647;
			dstPath = "";
			dstSubfolderSpec = 10;
			files = (
			);
			name = "Embed Frameworks";
			runOnlyForDeploymentPostprocessing = 0;
		};
/* End PBXCopyFilesBuildPhase section */

/* Begin PBXFileReference section */
		E91600E72DDF61910022AF72 /* WeScanScanner.swift */ = {isa = PBXFileReference; lastKnownFileType = sourcecode.swift; path = WeScanScanner.swift; sourceTree = "<group>"; };
		E91600E92DDF72720022AF72 /* TabBarHider.swift */ = {isa = PBXFileReference; lastKnownFileType = sourcecode.swift; path = TabBarHider.swift; sourceTree = "<group>"; };
		E916C9CF2C1C322600875433 /* FrontclosingAPp.app */ = {isa = PBXFileReference; explicitFileType = wrapper.application; includeInIndex = 0; path = FrontclosingAPp.app; sourceTree = BUILT_PRODUCTS_DIR; };
		E916C9D22C1C322600875433 /* FrontclosingAPp.swift */ = {isa = PBXFileReference; lastKnownFileType = sourcecode.swift; path = FrontclosingAPp.swift; sourceTree = "<group>"; };
		E916C9D42C1C322600875433 /* ContentView.swift */ = {isa = PBXFileReference; lastKnownFileType = sourcecode.swift; path = ContentView.swift; sourceTree = "<group>"; };
		E916C9D62C1C322600875433 /* Item.swift */ = {isa = PBXFileReference; lastKnownFileType = sourcecode.swift; path = Item.swift; sourceTree = "<group>"; };
		E916C9D82C1C322800875433 /* Assets.xcassets */ = {isa = PBXFileReference; lastKnownFileType = folder.assetcatalog; path = Assets.xcassets; sourceTree = "<group>"; };
		E916C9DB2C1C322800875433 /* Preview Assets.xcassets */ = {isa = PBXFileReference; lastKnownFileType = folder.assetcatalog; path = "Preview Assets.xcassets"; sourceTree = "<group>"; };
		E916C9E12C1C322800875433 /* FrontclosingAPpTests.xctest */ = {isa = PBXFileReference; explicitFileType = wrapper.cfbundle; includeInIndex = 0; path = FrontclosingAPpTests.xctest; sourceTree = BUILT_PRODUCTS_DIR; };
		E916C9E52C1C322800875433 /* FrontclosingAPpTests.swift */ = {isa = PBXFileReference; lastKnownFileType = sourcecode.swift; path = FrontclosingAPpTests.swift; sourceTree = "<group>"; };
		E916C9EB2C1C322800875433 /* FrontclosingAPpUITests.xctest */ = {isa = PBXFileReference; explicitFileType = wrapper.cfbundle; includeInIndex = 0; path = FrontclosingAPpUITests.xctest; sourceTree = BUILT_PRODUCTS_DIR; };
		E91F1C942DDDE09C0002045F /* TaxCalculatorContentView.swift */ = {isa = PBXFileReference; fileEncoding = 4; lastKnownFileType = sourcecode.swift; path = TaxCalculatorContentView.swift; sourceTree = "<group>"; };
		E91F1C952DDDE09C0002045F /* CalculatorContentView.swift */ = {isa = PBXFileReference; fileEncoding = 4; lastKnownFileType = sourcecode.swift; path = CalculatorContentView.swift; sourceTree = "<group>"; };
		E91F1C962DDDE09C0002045F /* DenominationTableView.swift */ = {isa = PBXFileReference; fileEncoding = 4; lastKnownFileType = sourcecode.swift; path = DenominationTableView.swift; sourceTree = "<group>"; };
		E91F1C972DDDE09C0002045F /* SalesContentView.swift */ = {isa = PBXFileReference; fileEncoding = 4; lastKnownFileType = sourcecode.swift; path = SalesContentView.swift; sourceTree = "<group>"; };
		E91F1C9C2DDDE0A60002045F /* ImagePicker.swift */ = {isa = PBXFileReference; fileEncoding = 4; lastKnownFileType = sourcecode.swift; path = ImagePicker.swift; sourceTree = "<group>"; };
		E91F1C9D2DDDE0A60002045F /* POSSalesByOrderParser.swift */ = {isa = PBXFileReference; fileEncoding = 4; lastKnownFileType = sourcecode.swift; path = POSSalesByOrderParser.swift; sourceTree = "<group>"; };
		E91F1C9E2DDDE0A60002045F /* DSRScannerView.swift */ = {isa = PBXFileReference; fileEncoding = 4; lastKnownFileType = sourcecode.swift; path = DSRScannerView.swift; sourceTree = "<group>"; };
		E91F1C9F2DDDE0A60002045F /* DSRReportView.swift */ = {isa = PBXFileReference; fileEncoding = 4; lastKnownFileType = sourcecode.swift; path = DSRReportView.swift; sourceTree = "<group>"; };
		E91F1CA02DDDE0A60002045F /* DSRMetrics.swift */ = {isa = PBXFileReference; fileEncoding = 4; lastKnownFileType = sourcecode.swift; path = DSRMetrics.swift; sourceTree = "<group>"; };
		E91F1CA12DDDE0A60002045F /* ParsedListView.swift */ = {isa = PBXFileReference; fileEncoding = 4; lastKnownFileType = sourcecode.swift; path = ParsedListView.swift; sourceTree = "<group>"; };
		E91F1CA82DDDE0AF0002045F /* StarPrinterManager.swift */ = {isa = PBXFileReference; fileEncoding = 4; lastKnownFileType = sourcecode.swift; path = StarPrinterManager.swift; sourceTree = "<group>"; };
		E91F1CA92DDDE0AF0002045F /* PrinterJobQueue.swift */ = {isa = PBXFileReference; fileEncoding = 4; lastKnownFileType = sourcecode.swift; path = PrinterJobQueue.swift; sourceTree = "<group>"; };
		E91F1CAA2DDDE0AF0002045F /* ReceiptGenerator.swift */ = {isa = PBXFileReference; fileEncoding = 4; lastKnownFileType = sourcecode.swift; path = ReceiptGenerator.swift; sourceTree = "<group>"; };
		E91F1CAE2DDDF03E0002045F /* CameraCaptureView.swift */ = {isa = PBXFileReference; lastKnownFileType = sourcecode.swift; path = CameraCaptureView.swift; sourceTree = "<group>"; };
		E91F1CB72DDDFC180002045F /* AutoCrop.swift */ = {isa = PBXFileReference; lastKnownFileType = sourcecode.swift; path = AutoCrop.swift; sourceTree = "<group>"; };
		E91F1CB92DDDFCFE0002045F /* DocumentScannerView.swift */ = {isa = PBXFileReference; lastKnownFileType = sourcecode.swift; path = DocumentScannerView.swift; sourceTree = "<group>"; };
		E97C207D2D7435C5005FDB0E /* Objectivecheader.h */ = {isa = PBXFileReference; lastKnownFileType = sourcecode.c.h; path = Objectivecheader.h; sourceTree = "<group>"; };
		E99B90E32C33F0A000465084 /* Launch Screen.storyboard */ = {isa = PBXFileReference; lastKnownFileType = file.storyboard; path = "Launch Screen.storyboard"; sourceTree = "<group>"; };
		E99B90E52C33F52700465084 /* Info.plist */ = {isa = PBXFileReference; lastKnownFileType = text.plist; path = Info.plist; sourceTree = "<group>"; };
		E9AA499B2DE5E73500F7282D /* DSRReceiptGenerator.swift .swift */ = {isa = PBXFileReference; lastKnownFileType = sourcecode.swift; path = "DSRReceiptGenerator.swift .swift"; sourceTree = "<group>"; };
		E9AA499F2DE5F27A00F7282D /* DSRReportImageRenderer.swift */ = {isa = PBXFileReference; lastKnownFileType = sourcecode.swift; path = DSRReportImageRenderer.swift; sourceTree = "<group>"; };
		E9C28E822D742E8500B0A289 /* CoreBluetooth.framework */ = {isa = PBXFileReference; lastKnownFileType = wrapper.framework; name = CoreBluetooth.framework; path = System/Library/Frameworks/CoreBluetooth.framework; sourceTree = SDKROOT; };
		E9C28E842D742E8E00B0A289 /* ExternalAccessory.framework */ = {isa = PBXFileReference; lastKnownFileType = wrapper.framework; name = ExternalAccessory.framework; path = System/Library/Frameworks/ExternalAccessory.framework; sourceTree = SDKROOT; };
/* End PBXFileReference section */

/* Begin PBXFrameworksBuildPhase section */
		E916C9CC2C1C322600875433 /* Frameworks */ = {
			isa = PBXFrameworksBuildPhase;
			buildActionMask = 2147483647;
			files = (
				E9797C882DCE125B006CEB70 /* StarIO10 in Frameworks */,
				E91F1CBF2DDDFD1F0002045F /* TOCropViewController in Frameworks */,
				E91F1CBD2DDDFD1F0002045F /* CropViewController in Frameworks */,
				E96F240C2DC88014003FE15C /* ExternalAccessory.framework in Frameworks */,
				E96F240A2DC88012003FE15C /* CoreBluetooth.framework in Frameworks */,
				E91600E62DDF60570022AF72 /* WeScan in Frameworks */,
			);
			runOnlyForDeploymentPostprocessing = 0;
		};
		E916C9DE2C1C322800875433 /* Frameworks */ = {
			isa = PBXFrameworksBuildPhase;
			buildActionMask = 2147483647;
			files = (
			);
			runOnlyForDeploymentPostprocessing = 0;
		};
		E916C9E82C1C322800875433 /* Frameworks */ = {
			isa = PBXFrameworksBuildPhase;
			buildActionMask = 2147483647;
			files = (
			);
			runOnlyForDeploymentPostprocessing = 0;
		};
/* End PBXFrameworksBuildPhase section */

/* Begin PBXGroup section */
		E916C9C62C1C322600875433 = {
			isa = PBXGroup;
			children = (
				E916C9D12C1C322600875433 /* FrontclosingAPp */,
				E916C9E42C1C322800875433 /* FrontclosingAPpTests */,
				E916C9EE2C1C322800875433 /* FrontclosingAPpUITests */,
				E916C9D02C1C322600875433 /* Products */,
				E9C28E742D742D7900B0A289 /* Frameworks */,
			);
			sourceTree = "<group>";
		};
		E916C9D02C1C322600875433 /* Products */ = {
			isa = PBXGroup;
			children = (
				E916C9CF2C1C322600875433 /* FrontclosingAPp.app */,
				E916C9E12C1C322800875433 /* FrontclosingAPpTests.xctest */,
				E916C9EB2C1C322800875433 /* FrontclosingAPpUITests.xctest */,
			);
			name = Products;
			sourceTree = "<group>";
		};
		E916C9D12C1C322600875433 /* FrontclosingAPp */ = {
			isa = PBXGroup;
			children = (
				E99B90E52C33F52700465084 /* Info.plist */,
				E97C207D2D7435C5005FDB0E /* Objectivecheader.h */,
				E916C9D62C1C322600875433 /* Item.swift */,
				E916C9D22C1C322600875433 /* FrontclosingAPp.swift */,
				E916C9D42C1C322600875433 /* ContentView.swift */,
				E91F1C872DDDDE150002045F /* DSR Files */,
				E91F1C8B2DDDDF110002045F /* Calculator Files */,
				E91F1C8A2DDDDEE30002045F /* Printer Files */,
				E916C9D82C1C322800875433 /* Assets.xcassets */,
				E99B90E32C33F0A000465084 /* Launch Screen.storyboard */,
				E916C9DA2C1C322800875433 /* Preview Content */,
			);
			name = FrontclosingAPp;
			path = "/Users/shakshamshubham/Desktop/Masters made Project/FrontclosingAPp/FrontclosingAPp";
			sourceTree = "<absolute>";
		};
		E916C9DA2C1C322800875433 /* Preview Content */ = {
			isa = PBXGroup;
			children = (
				E916C9DB2C1C322800875433 /* Preview Assets.xcassets */,
			);
			path = "Preview Content";
			sourceTree = "<group>";
		};
		E916C9E42C1C322800875433 /* FrontclosingAPpTests */ = {
			isa = PBXGroup;
			children = (
				E916C9E52C1C322800875433 /* FrontclosingAPpTests.swift */,
			);
			path = FrontclosingAPpTests;
			sourceTree = "<group>";
		};
		E916C9EE2C1C322800875433 /* FrontclosingAPpUITests */ = {
			isa = PBXGroup;
			children = (
			);
			path = FrontclosingAPpUITests;
			sourceTree = "<group>";
		};
		E91F1C872DDDDE150002045F /* DSR Files */ = {
			isa = PBXGroup;
			children = (
				E91F1CA02DDDE0A60002045F /* DSRMetrics.swift */,
				E91F1C9F2DDDE0A60002045F /* DSRReportView.swift */,
				E91F1CAE2DDDF03E0002045F /* CameraCaptureView.swift */,
				E91F1CB72DDDFC180002045F /* AutoCrop.swift */,
				E91F1CB92DDDFCFE0002045F /* DocumentScannerView.swift */,
				E91600E72DDF61910022AF72 /* WeScanScanner.swift */,
				E91F1C9E2DDDE0A60002045F /* DSRScannerView.swift */,
				E91F1C9C2DDDE0A60002045F /* ImagePicker.swift */,
				E91600E92DDF72720022AF72 /* TabBarHider.swift */,
				E91F1CA12DDDE0A60002045F /* ParsedListView.swift */,
				E91F1C9D2DDDE0A60002045F /* POSSalesByOrderParser.swift */,
			);
			path = "DSR Files";
			sourceTree = "<group>";
		};
		E91F1C8A2DDDDEE30002045F /* Printer Files */ = {
			isa = PBXGroup;
			children = (
				E91F1CA92DDDE0AF0002045F /* PrinterJobQueue.swift */,
				E9AA499B2DE5E73500F7282D /* DSRReceiptGenerator.swift .swift */,
				E91F1CAA2DDDE0AF0002045F /* ReceiptGenerator.swift */,
				E9AA499F2DE5F27A00F7282D /* DSRReportImageRenderer.swift */,
				E91F1CA82DDDE0AF0002045F /* StarPrinterManager.swift */,
			);
			path = "Printer Files";
			sourceTree = "<group>";
		};
		E91F1C8B2DDDDF110002045F /* Calculator Files */ = {
			isa = PBXGroup;
			children = (
				E91F1C952DDDE09C0002045F /* CalculatorContentView.swift */,
				E91F1C962DDDE09C0002045F /* DenominationTableView.swift */,
				E91F1C972DDDE09C0002045F /* SalesContentView.swift */,
				E91F1C942DDDE09C0002045F /* TaxCalculatorContentView.swift */,
			);
			path = "Calculator Files";
			sourceTree = "<group>";
		};
		E9C28E742D742D7900B0A289 /* Frameworks */ = {
			isa = PBXGroup;
			children = (
				E9C28E842D742E8E00B0A289 /* ExternalAccessory.framework */,
				E9C28E822D742E8500B0A289 /* CoreBluetooth.framework */,
			);
			name = Frameworks;
			sourceTree = "<group>";
		};
/* End PBXGroup section */

/* Begin PBXHeadersBuildPhase section */
		E97C207F2D743C6C005FDB0E /* Headers */ = {
			isa = PBXHeadersBuildPhase;
			buildActionMask = 2147483647;
			files = (
			);
			runOnlyForDeploymentPostprocessing = 0;
		};
/* End PBXHeadersBuildPhase section */

/* Begin PBXNativeTarget section */
		E916C9CE2C1C322600875433 /* FrontclosingAPp */ = {
			isa = PBXNativeTarget;
			buildConfigurationList = E916C9F52C1C322800875433 /* Build configuration list for PBXNativeTarget "FrontclosingAPp" */;
			buildPhases = (
				E97C207F2D743C6C005FDB0E /* Headers */,
				E916C9CB2C1C322600875433 /* Sources */,
				E916C9CC2C1C322600875433 /* Frameworks */,
				E916C9CD2C1C322600875433 /* Resources */,
				E9C28E7D2D742E3300B0A289 /* Embed Frameworks */,
			);
			buildRules = (
			);
			dependencies = (
			);
			name = FrontclosingAPp;
			packageProductDependencies = (
				E9797C872DCE125B006CEB70 /* StarIO10 */,
				E91F1CBC2DDDFD1F0002045F /* CropViewController */,
				E91F1CBE2DDDFD1F0002045F /* TOCropViewController */,
				E91600E52DDF60570022AF72 /* WeScan */,
			);
			productName = FrontclosingAPp;
			productReference = E916C9CF2C1C322600875433 /* FrontclosingAPp.app */;
			productType = "com.apple.product-type.application";
		};
		E916C9E02C1C322800875433 /* FrontclosingAPpTests */ = {
			isa = PBXNativeTarget;
			buildConfigurationList = E916C9F82C1C322800875433 /* Build configuration list for PBXNativeTarget "FrontclosingAPpTests" */;
			buildPhases = (
				E916C9DD2C1C322800875433 /* Sources */,
				E916C9DE2C1C322800875433 /* Frameworks */,
				E916C9DF2C1C322800875433 /* Resources */,
			);
			buildRules = (
			);
			dependencies = (
				E916C9E32C1C322800875433 /* PBXTargetDependency */,
			);
			name = FrontclosingAPpTests;
			productName = FrontclosingAPpTests;
			productReference = E916C9E12C1C322800875433 /* FrontclosingAPpTests.xctest */;
			productType = "com.apple.product-type.bundle.unit-test";
		};
		E916C9EA2C1C322800875433 /* FrontclosingAPpUITests */ = {
			isa = PBXNativeTarget;
			buildConfigurationList = E916C9FB2C1C322800875433 /* Build configuration list for PBXNativeTarget "FrontclosingAPpUITests" */;
			buildPhases = (
				E916C9E72C1C322800875433 /* Sources */,
				E916C9E82C1C322800875433 /* Frameworks */,
				E916C9E92C1C322800875433 /* Resources */,
			);
			buildRules = (
			);
			dependencies = (
				E916C9ED2C1C322800875433 /* PBXTargetDependency */,
			);
			name = FrontclosingAPpUITests;
			productName = FrontclosingAPpUITests;
			productReference = E916C9EB2C1C322800875433 /* FrontclosingAPpUITests.xctest */;
			productType = "com.apple.product-type.bundle.ui-testing";
		};
/* End PBXNativeTarget section */

/* Begin PBXProject section */
		E916C9C72C1C322600875433 /* Project object */ = {
			isa = PBXProject;
			attributes = {
				BuildIndependentTargetsInParallel = 1;
				LastSwiftUpdateCheck = 1540;
				LastUpgradeCheck = 1540;
				TargetAttributes = {
					E916C9CE2C1C322600875433 = {
						CreatedOnToolsVersion = 15.4;
					};
					E916C9E02C1C322800875433 = {
						CreatedOnToolsVersion = 15.4;
						TestTargetID = E916C9CE2C1C322600875433;
					};
					E916C9EA2C1C322800875433 = {
						CreatedOnToolsVersion = 15.4;
						TestTargetID = E916C9CE2C1C322600875433;
					};
				};
			};
			buildConfigurationList = E916C9CA2C1C322600875433 /* Build configuration list for PBXProject "FrontclosingAPp" */;
			compatibilityVersion = "Xcode 14.0";
			developmentRegion = en;
			hasScannedForEncodings = 0;
			knownRegions = (
				en,
				Base,
				ja,
			);
			mainGroup = E916C9C62C1C322600875433;
			packageReferences = (
				E9797C862DCE125B006CEB70 /* XCRemoteSwiftPackageReference "StarXpand-SDK-iOS" */,
				E91F1CBB2DDDFD1F0002045F /* XCRemoteSwiftPackageReference "TOCropViewController" */,
				E91600E42DDF60570022AF72 /* XCRemoteSwiftPackageReference "WeScan" */,
			);
			productRefGroup = E916C9D02C1C322600875433 /* Products */;
			projectDirPath = "";
			projectRoot = "";
			targets = (
				E916C9CE2C1C322600875433 /* FrontclosingAPp */,
				E916C9E02C1C322800875433 /* FrontclosingAPpTests */,
				E916C9EA2C1C322800875433 /* FrontclosingAPpUITests */,
			);
		};
/* End PBXProject section */

/* Begin PBXResourcesBuildPhase section */
		E916C9CD2C1C322600875433 /* Resources */ = {
			isa = PBXResourcesBuildPhase;
			buildActionMask = 2147483647;
			files = (
				E99B90E42C33F0A000465084 /* Launch Screen.storyboard in Resources */,
				E916C9DC2C1C322800875433 /* Preview Assets.xcassets in Resources */,
				E916C9D92C1C322800875433 /* Assets.xcassets in Resources */,
			);
			runOnlyForDeploymentPostprocessing = 0;
		};
		E916C9DF2C1C322800875433 /* Resources */ = {
			isa = PBXResourcesBuildPhase;
			buildActionMask = 2147483647;
			files = (
			);
			runOnlyForDeploymentPostprocessing = 0;
		};
		E916C9E92C1C322800875433 /* Resources */ = {
			isa = PBXResourcesBuildPhase;
			buildActionMask = 2147483647;
			files = (
			);
			runOnlyForDeploymentPostprocessing = 0;
		};
/* End PBXResourcesBuildPhase section */

/* Begin PBXSourcesBuildPhase section */
		E916C9CB2C1C322600875433 /* Sources */ = {
			isa = PBXSourcesBuildPhase;
			buildActionMask = 2147483647;
			files = (
				E91600E82DDF61910022AF72 /* WeScanScanner.swift in Sources */,
				E97C207E2D743C28005FDB0E /* Objectivecheader.h in Sources */,
				E91F1C982DDDE09C0002045F /* TaxCalculatorContentView.swift in Sources */,
				E91F1C992DDDE09C0002045F /* CalculatorContentView.swift in Sources */,
				E9AA499C2DE5E73500F7282D /* DSRReceiptGenerator.swift .swift in Sources */,
				E91F1CA22DDDE0A60002045F /* ImagePicker.swift in Sources */,
				E91F1CBA2DDDFCFE0002045F /* DocumentScannerView.swift in Sources */,
				E91F1CAC2DDDE0AF0002045F /* PrinterJobQueue.swift in Sources */,
				E91F1CA32DDDE0A60002045F /* POSSalesByOrderParser.swift in Sources */,
				E91600EA2DDF72720022AF72 /* TabBarHider.swift in Sources */,
				E91F1CA72DDDE0A60002045F /* ParsedListView.swift in Sources */,
				E91F1CAB2DDDE0AF0002045F /* StarPrinterManager.swift in Sources */,
				E916C9D52C1C322600875433 /* ContentView.swift in Sources */,
				E91F1CA52DDDE0A60002045F /* DSRReportView.swift in Sources */,
				E9AA49A02DE5F27B00F7282D /* DSRReportImageRenderer.swift in Sources */,
				E91F1CA42DDDE0A60002045F /* DSRScannerView.swift in Sources */,
				E91F1C9A2DDDE09C0002045F /* DenominationTableView.swift in Sources */,
				E91F1CB82DDDFC180002045F /* AutoCrop.swift in Sources */,
				E91F1CAF2DDDF03E0002045F /* CameraCaptureView.swift in Sources */,
				E916C9D72C1C322600875433 /* Item.swift in Sources */,
				E91F1CAD2DDDE0AF0002045F /* ReceiptGenerator.swift in Sources */,
				E916C9D32C1C322600875433 /* FrontclosingAPp.swift in Sources */,
				E91F1C9B2DDDE09C0002045F /* SalesContentView.swift in Sources */,
				E91F1CA62DDDE0A60002045F /* DSRMetrics.swift in Sources */,
			);
			runOnlyForDeploymentPostprocessing = 0;
		};
		E916C9DD2C1C322800875433 /* Sources */ = {
			isa = PBXSourcesBuildPhase;
			buildActionMask = 2147483647;
			files = (
				E916C9E62C1C322800875433 /* FrontclosingAPpTests.swift in Sources */,
			);
			runOnlyForDeploymentPostprocessing = 0;
		};
		E916C9E72C1C322800875433 /* Sources */ = {
			isa = PBXSourcesBuildPhase;
			buildActionMask = 2147483647;
			files = (
			);
			runOnlyForDeploymentPostprocessing = 0;
		};
/* End PBXSourcesBuildPhase section */

/* Begin PBXTargetDependency section */
		E916C9E32C1C322800875433 /* PBXTargetDependency */ = {
			isa = PBXTargetDependency;
			target = E916C9CE2C1C322600875433 /* FrontclosingAPp */;
			targetProxy = E916C9E22C1C322800875433 /* PBXContainerItemProxy */;
		};
		E916C9ED2C1C322800875433 /* PBXTargetDependency */ = {
			isa = PBXTargetDependency;
			target = E916C9CE2C1C322600875433 /* FrontclosingAPp */;
			targetProxy = E916C9EC2C1C322800875433 /* PBXContainerItemProxy */;
		};
/* End PBXTargetDependency section */

/* Begin XCBuildConfiguration section */
		E916C9F32C1C322800875433 /* Debug */ = {
			isa = XCBuildConfiguration;
			buildSettings = {
				ALWAYS_SEARCH_USER_PATHS = NO;
				ASSETCATALOG_COMPILER_GENERATE_SWIFT_ASSET_SYMBOL_EXTENSIONS = YES;
				CLANG_ANALYZER_NONNULL = YES;
				CLANG_ANALYZER_NUMBER_OBJECT_CONVERSION = YES_AGGRESSIVE;
				CLANG_CXX_LANGUAGE_STANDARD = "gnu++20";
				CLANG_ENABLE_MODULES = YES;
				CLANG_ENABLE_OBJC_ARC = YES;
				CLANG_ENABLE_OBJC_WEAK = YES;
				CLANG_WARN_BLOCK_CAPTURE_AUTORELEASING = YES;
				CLANG_WARN_BOOL_CONVERSION = YES;
				CLANG_WARN_COMMA = YES;
				CLANG_WARN_CONSTANT_CONVERSION = YES;
				CLANG_WARN_DEPRECATED_OBJC_IMPLEMENTATIONS = YES;
				CLANG_WARN_DIRECT_OBJC_ISA_USAGE = YES_ERROR;
				CLANG_WARN_DOCUMENTATION_COMMENTS = YES;
				CLANG_WARN_EMPTY_BODY = YES;
				CLANG_WARN_ENUM_CONVERSION = YES;
				CLANG_WARN_INFINITE_RECURSION = YES;
				CLANG_WARN_INT_CONVERSION = YES;
				CLANG_WARN_NON_LITERAL_NULL_CONVERSION = YES;
				CLANG_WARN_OBJC_IMPLICIT_RETAIN_SELF = YES;
				CLANG_WARN_OBJC_LITERAL_CONVERSION = YES;
				CLANG_WARN_OBJC_ROOT_CLASS = YES_ERROR;
				CLANG_WARN_QUOTED_INCLUDE_IN_FRAMEWORK_HEADER = YES;
				CLANG_WARN_RANGE_LOOP_ANALYSIS = YES;
				CLANG_WARN_STRICT_PROTOTYPES = YES;
				CLANG_WARN_SUSPICIOUS_MOVE = YES;
				CLANG_WARN_UNGUARDED_AVAILABILITY = YES_AGGRESSIVE;
				CLANG_WARN_UNREACHABLE_CODE = YES;
				CLANG_WARN__DUPLICATE_METHOD_MATCH = YES;
				COPY_PHASE_STRIP = NO;
				DEBUG_INFORMATION_FORMAT = dwarf;
				ENABLE_STRICT_OBJC_MSGSEND = YES;
				ENABLE_TESTABILITY = YES;
				ENABLE_USER_SCRIPT_SANDBOXING = YES;
				GCC_C_LANGUAGE_STANDARD = gnu17;
				GCC_DYNAMIC_NO_PIC = NO;
				GCC_NO_COMMON_BLOCKS = YES;
				GCC_OPTIMIZATION_LEVEL = 0;
				GCC_PREPROCESSOR_DEFINITIONS = (
					"DEBUG=1",
					"$(inherited)",
				);
				GCC_WARN_64_TO_32_BIT_CONVERSION = YES;
				GCC_WARN_ABOUT_RETURN_TYPE = YES_ERROR;
				GCC_WARN_UNDECLARED_SELECTOR = YES;
				GCC_WARN_UNINITIALIZED_AUTOS = YES_AGGRESSIVE;
				GCC_WARN_UNUSED_FUNCTION = YES;
				GCC_WARN_UNUSED_VARIABLE = YES;
				IPHONEOS_DEPLOYMENT_TARGET = 17.5;
				LOCALIZATION_PREFERS_STRING_CATALOGS = YES;
				MTL_ENABLE_DEBUG_INFO = INCLUDE_SOURCE;
				MTL_FAST_MATH = YES;
				ONLY_ACTIVE_ARCH = YES;
				SDKROOT = iphoneos;
				SWIFT_ACTIVE_COMPILATION_CONDITIONS = "DEBUG $(inherited)";
				SWIFT_OPTIMIZATION_LEVEL = "-Onone";
			};
			name = Debug;
		};
		E916C9F42C1C322800875433 /* Release */ = {
			isa = XCBuildConfiguration;
			buildSettings = {
				ALWAYS_SEARCH_USER_PATHS = NO;
				ASSETCATALOG_COMPILER_GENERATE_SWIFT_ASSET_SYMBOL_EXTENSIONS = YES;
				CLANG_ANALYZER_NONNULL = YES;
				CLANG_ANALYZER_NUMBER_OBJECT_CONVERSION = YES_AGGRESSIVE;
				CLANG_CXX_LANGUAGE_STANDARD = "gnu++20";
				CLANG_ENABLE_MODULES = YES;
				CLANG_ENABLE_OBJC_ARC = YES;
				CLANG_ENABLE_OBJC_WEAK = YES;
				CLANG_WARN_BLOCK_CAPTURE_AUTORELEASING = YES;
				CLANG_WARN_BOOL_CONVERSION = YES;
				CLANG_WARN_COMMA = YES;
				CLANG_WARN_CONSTANT_CONVERSION = YES;
				CLANG_WARN_DEPRECATED_OBJC_IMPLEMENTATIONS = YES;
				CLANG_WARN_DIRECT_OBJC_ISA_USAGE = YES_ERROR;
				CLANG_WARN_DOCUMENTATION_COMMENTS = YES;
				CLANG_WARN_EMPTY_BODY = YES;
				CLANG_WARN_ENUM_CONVERSION = YES;
				CLANG_WARN_INFINITE_RECURSION = YES;
				CLANG_WARN_INT_CONVERSION = YES;
				CLANG_WARN_NON_LITERAL_NULL_CONVERSION = YES;
				CLANG_WARN_OBJC_IMPLICIT_RETAIN_SELF = YES;
				CLANG_WARN_OBJC_LITERAL_CONVERSION = YES;
				CLANG_WARN_OBJC_ROOT_CLASS = YES_ERROR;
				CLANG_WARN_QUOTED_INCLUDE_IN_FRAMEWORK_HEADER = YES;
				CLANG_WARN_RANGE_LOOP_ANALYSIS = YES;
				CLANG_WARN_STRICT_PROTOTYPES = YES;
				CLANG_WARN_SUSPICIOUS_MOVE = YES;
				CLANG_WARN_UNGUARDED_AVAILABILITY = YES_AGGRESSIVE;
				CLANG_WARN_UNREACHABLE_CODE = YES;
				CLANG_WARN__DUPLICATE_METHOD_MATCH = YES;
				COPY_PHASE_STRIP = NO;
				DEBUG_INFORMATION_FORMAT = "dwarf-with-dsym";
				ENABLE_NS_ASSERTIONS = NO;
				ENABLE_STRICT_OBJC_MSGSEND = YES;
				ENABLE_USER_SCRIPT_SANDBOXING = YES;
				GCC_C_LANGUAGE_STANDARD = gnu17;
				GCC_NO_COMMON_BLOCKS = YES;
				GCC_WARN_64_TO_32_BIT_CONVERSION = YES;
				GCC_WARN_ABOUT_RETURN_TYPE = YES_ERROR;
				GCC_WARN_UNDECLARED_SELECTOR = YES;
				GCC_WARN_UNINITIALIZED_AUTOS = YES_AGGRESSIVE;
				GCC_WARN_UNUSED_FUNCTION = YES;
				GCC_WARN_UNUSED_VARIABLE = YES;
				IPHONEOS_DEPLOYMENT_TARGET = 17.5;
				LOCALIZATION_PREFERS_STRING_CATALOGS = YES;
				MTL_ENABLE_DEBUG_INFO = NO;
				MTL_FAST_MATH = YES;
				SDKROOT = iphoneos;
				SWIFT_COMPILATION_MODE = wholemodule;
				VALIDATE_PRODUCT = YES;
			};
			name = Release;
		};
		E916C9F62C1C322800875433 /* Debug */ = {
			isa = XCBuildConfiguration;
			buildSettings = {
				ASSETCATALOG_COMPILER_APPICON_NAME = AppIcon;
				ASSETCATALOG_COMPILER_GLOBAL_ACCENT_COLOR_NAME = AccentColor;
				CODE_SIGN_STYLE = Automatic;
				CURRENT_PROJECT_VERSION = 1;
				DEVELOPMENT_ASSET_PATHS = "\"FrontclosingAPp/Preview Content\"";
				DEVELOPMENT_TEAM = YP6YG639M2;
				ENABLE_PREVIEWS = YES;
				GENERATE_INFOPLIST_FILE = YES;
				HEADER_SEARCH_PATHS = "\"/Users/shakshamshubham/Desktop/Masters made Project/FrontclosingAPp/FrontclosingAPp/\"";
				INFOPLIST_FILE = FrontclosingAPp/Info.plist;
				INFOPLIST_KEY_CFBundleDisplayName = "NYF Till Calculator";
				INFOPLIST_KEY_LSApplicationCategoryType = "";
				INFOPLIST_KEY_UIApplicationSceneManifest_Generation = YES;
				INFOPLIST_KEY_UIApplicationSupportsIndirectInputEvents = YES;
				INFOPLIST_KEY_UILaunchScreen_Generation = YES;
				INFOPLIST_KEY_UILaunchStoryboardName = "Launch Screen.storyboard";
				INFOPLIST_KEY_UISupportedInterfaceOrientations = "UIInterfaceOrientationLandscapeLeft UIInterfaceOrientationLandscapeRight UIInterfaceOrientationPortrait UIInterfaceOrientationPortraitUpsideDown";
				LD_RUNPATH_SEARCH_PATHS = (
					"$(inherited)",
					"@executable_path/Frameworks",
				);
				MARKETING_VERSION = 1.0;
				PRODUCT_BUNDLE_IDENTIFIER = com.Samapp.Frontclosing.FrontclosingAPp;
				PRODUCT_NAME = "$(TARGET_NAME)";
				SWIFT_EMIT_LOC_STRINGS = YES;
				SWIFT_OBJC_BRIDGING_HEADER = "$(PROJECT_DIR)/FrontclosingAPp/Objectivecheader.h";
				SWIFT_VERSION = 5.0;
				TARGETED_DEVICE_FAMILY = "1,2";
			};
			name = Debug;
		};
		E916C9F72C1C322800875433 /* Release */ = {
			isa = XCBuildConfiguration;
			buildSettings = {
				ASSETCATALOG_COMPILER_APPICON_NAME = AppIcon;
				ASSETCATALOG_COMPILER_GLOBAL_ACCENT_COLOR_NAME = AccentColor;
				CODE_SIGN_STYLE = Automatic;
				CURRENT_PROJECT_VERSION = 1;
				DEVELOPMENT_ASSET_PATHS = "\"FrontclosingAPp/Preview Content\"";
				DEVELOPMENT_TEAM = YP6YG639M2;
				ENABLE_PREVIEWS = YES;
				GENERATE_INFOPLIST_FILE = YES;
				HEADER_SEARCH_PATHS = "\"/Users/shakshamshubham/Desktop/Masters made Project/FrontclosingAPp/FrontclosingAPp/\"";
				INFOPLIST_FILE = FrontclosingAPp/Info.plist;
				INFOPLIST_KEY_CFBundleDisplayName = "NYF Till Calculator";
				INFOPLIST_KEY_LSApplicationCategoryType = "";
				INFOPLIST_KEY_UIApplicationSceneManifest_Generation = YES;
				INFOPLIST_KEY_UIApplicationSupportsIndirectInputEvents = YES;
				INFOPLIST_KEY_UILaunchScreen_Generation = YES;
				INFOPLIST_KEY_UILaunchStoryboardName = "Launch Screen.storyboard";
				INFOPLIST_KEY_UISupportedInterfaceOrientations = "UIInterfaceOrientationLandscapeLeft UIInterfaceOrientationLandscapeRight UIInterfaceOrientationPortrait UIInterfaceOrientationPortraitUpsideDown";
				LD_RUNPATH_SEARCH_PATHS = (
					"$(inherited)",
					"@executable_path/Frameworks",
				);
				MARKETING_VERSION = 1.0;
				PRODUCT_BUNDLE_IDENTIFIER = com.Samapp.Frontclosing.FrontclosingAPp;
				PRODUCT_NAME = "$(TARGET_NAME)";
				SWIFT_EMIT_LOC_STRINGS = YES;
				SWIFT_OBJC_BRIDGING_HEADER = "$(PROJECT_DIR)/FrontclosingAPp/Objectivecheader.h";
				SWIFT_VERSION = 5.0;
				TARGETED_DEVICE_FAMILY = "1,2";
			};
			name = Release;
		};
		E916C9F92C1C322800875433 /* Debug */ = {
			isa = XCBuildConfiguration;
			buildSettings = {
				ALWAYS_EMBED_SWIFT_STANDARD_LIBRARIES = YES;
				BUNDLE_LOADER = "$(TEST_HOST)";
				CODE_SIGN_STYLE = Automatic;
				CURRENT_PROJECT_VERSION = 1;
				GENERATE_INFOPLIST_FILE = YES;
				IPHONEOS_DEPLOYMENT_TARGET = 17.5;
				MARKETING_VERSION = 1.0;
				PRODUCT_BUNDLE_IDENTIFIER = com.Samapp.Frontclosing.FrontclosingAPpTests;
				PRODUCT_NAME = "$(TARGET_NAME)";
				SWIFT_EMIT_LOC_STRINGS = NO;
				SWIFT_VERSION = 5.0;
				TARGETED_DEVICE_FAMILY = "1,2";
				TEST_HOST = "$(BUILT_PRODUCTS_DIR)/FrontclosingAPp.app/$(BUNDLE_EXECUTABLE_FOLDER_PATH)/FrontclosingAPp";
			};
			name = Debug;
		};
		E916C9FA2C1C322800875433 /* Release */ = {
			isa = XCBuildConfiguration;
			buildSettings = {
				ALWAYS_EMBED_SWIFT_STANDARD_LIBRARIES = YES;
				BUNDLE_LOADER = "$(TEST_HOST)";
				CODE_SIGN_STYLE = Automatic;
				CURRENT_PROJECT_VERSION = 1;
				GENERATE_INFOPLIST_FILE = YES;
				IPHONEOS_DEPLOYMENT_TARGET = 17.5;
				MARKETING_VERSION = 1.0;
				PRODUCT_BUNDLE_IDENTIFIER = com.Samapp.Frontclosing.FrontclosingAPpTests;
				PRODUCT_NAME = "$(TARGET_NAME)";
				SWIFT_EMIT_LOC_STRINGS = NO;
				SWIFT_VERSION = 5.0;
				TARGETED_DEVICE_FAMILY = "1,2";
				TEST_HOST = "$(BUILT_PRODUCTS_DIR)/FrontclosingAPp.app/$(BUNDLE_EXECUTABLE_FOLDER_PATH)/FrontclosingAPp";
			};
			name = Release;
		};
		E916C9FC2C1C322800875433 /* Debug */ = {
			isa = XCBuildConfiguration;
			buildSettings = {
				ALWAYS_EMBED_SWIFT_STANDARD_LIBRARIES = YES;
				CODE_SIGN_STYLE = Automatic;
				CURRENT_PROJECT_VERSION = 1;
				GENERATE_INFOPLIST_FILE = YES;
				MARKETING_VERSION = 1.0;
				PRODUCT_BUNDLE_IDENTIFIER = com.Samapp.Frontclosing.FrontclosingAPpUITests;
				PRODUCT_NAME = "$(TARGET_NAME)";
				SWIFT_EMIT_LOC_STRINGS = NO;
				SWIFT_VERSION = 5.0;
				TARGETED_DEVICE_FAMILY = "1,2";
				TEST_TARGET_NAME = FrontclosingAPp;
			};
			name = Debug;
		};
		E916C9FD2C1C322800875433 /* Release */ = {
			isa = XCBuildConfiguration;
			buildSettings = {
				ALWAYS_EMBED_SWIFT_STANDARD_LIBRARIES = YES;
				CODE_SIGN_STYLE = Automatic;
				CURRENT_PROJECT_VERSION = 1;
				GENERATE_INFOPLIST_FILE = YES;
				MARKETING_VERSION = 1.0;
				PRODUCT_BUNDLE_IDENTIFIER = com.Samapp.Frontclosing.FrontclosingAPpUITests;
				PRODUCT_NAME = "$(TARGET_NAME)";
				SWIFT_EMIT_LOC_STRINGS = NO;
				SWIFT_VERSION = 5.0;
				TARGETED_DEVICE_FAMILY = "1,2";
				TEST_TARGET_NAME = FrontclosingAPp;
			};
			name = Release;
		};
/* End XCBuildConfiguration section */

/* Begin XCConfigurationList section */
		E916C9CA2C1C322600875433 /* Build configuration list for PBXProject "FrontclosingAPp" */ = {
			isa = XCConfigurationList;
			buildConfigurations = (
				E916C9F32C1C322800875433 /* Debug */,
				E916C9F42C1C322800875433 /* Release */,
			);
			defaultConfigurationIsVisible = 0;
			defaultConfigurationName = Release;
		};
		E916C9F52C1C322800875433 /* Build configuration list for PBXNativeTarget "FrontclosingAPp" */ = {
			isa = XCConfigurationList;
			buildConfigurations = (
				E916C9F62C1C322800875433 /* Debug */,
				E916C9F72C1C322800875433 /* Release */,
			);
			defaultConfigurationIsVisible = 0;
			defaultConfigurationName = Release;
		};
		E916C9F82C1C322800875433 /* Build configuration list for PBXNativeTarget "FrontclosingAPpTests" */ = {
			isa = XCConfigurationList;
			buildConfigurations = (
				E916C9F92C1C322800875433 /* Debug */,
				E916C9FA2C1C322800875433 /* Release */,
			);
			defaultConfigurationIsVisible = 0;
			defaultConfigurationName = Release;
		};
		E916C9FB2C1C322800875433 /* Build configuration list for PBXNativeTarget "FrontclosingAPpUITests" */ = {
			isa = XCConfigurationList;
			buildConfigurations = (
				E916C9FC2C1C322800875433 /* Debug */,
				E916C9FD2C1C322800875433 /* Release */,
			);
			defaultConfigurationIsVisible = 0;
			defaultConfigurationName = Release;
		};
/* End XCConfigurationList section */

/* Begin XCRemoteSwiftPackageReference section */
		E91600E42DDF60570022AF72 /* XCRemoteSwiftPackageReference "WeScan" */ = {
			isa = XCRemoteSwiftPackageReference;
			repositoryURL = "https://github.com/WeTransfer/WeScan.git";
			requirement = {
				kind = upToNextMajorVersion;
				minimumVersion = 3.0.0;
			};
		};
		E91F1CBB2DDDFD1F0002045F /* XCRemoteSwiftPackageReference "TOCropViewController" */ = {
			isa = XCRemoteSwiftPackageReference;
			repositoryURL = "https://github.com/TimOliver/TOCropViewController";
			requirement = {
				kind = upToNextMajorVersion;
				minimumVersion = 2.7.4;
			};
		};
		E9797C862DCE125B006CEB70 /* XCRemoteSwiftPackageReference "StarXpand-SDK-iOS" */ = {
			isa = XCRemoteSwiftPackageReference;
			repositoryURL = "https://github.com/star-micronics/StarXpand-SDK-iOS";
			requirement = {
				kind = upToNextMajorVersion;
				minimumVersion = 2.8.0;
			};
		};
/* End XCRemoteSwiftPackageReference section */

/* Begin XCSwiftPackageProductDependency section */
		E91600E52DDF60570022AF72 /* WeScan */ = {
			isa = XCSwiftPackageProductDependency;
			package = E91600E42DDF60570022AF72 /* XCRemoteSwiftPackageReference "WeScan" */;
			productName = WeScan;
		};
		E91F1CBC2DDDFD1F0002045F /* CropViewController */ = {
			isa = XCSwiftPackageProductDependency;
			package = E91F1CBB2DDDFD1F0002045F /* XCRemoteSwiftPackageReference "TOCropViewController" */;
			productName = CropViewController;
		};
		E91F1CBE2DDDFD1F0002045F /* TOCropViewController */ = {
			isa = XCSwiftPackageProductDependency;
			package = E91F1CBB2DDDFD1F0002045F /* XCRemoteSwiftPackageReference "TOCropViewController" */;
			productName = TOCropViewController;
		};
		E9797C872DCE125B006CEB70 /* StarIO10 */ = {
			isa = XCSwiftPackageProductDependency;
			package = E9797C862DCE125B006CEB70 /* XCRemoteSwiftPackageReference "StarXpand-SDK-iOS" */;
			productName = StarIO10;
		};
/* End XCSwiftPackageProductDependency section */
	};
	rootObject = E916C9C72C1C322600875433 /* Project object */;
}
