{
  "originHash" : "627f6228d9d8e9eb9120438e868842b19156d9c7d5d142eafda1d217a0a49efa",
  "pins" : [
    {
      "identity" : "starxpand-sdk-ios",
      "kind" : "remoteSourceControl",
      "location" : "https://github.com/star-micronics/StarXpand-SDK-iOS",
      "state" : {
        "revision" : "0d6faec2c759cedbbdb8ba5c8bfb76f4471b88d9",
        "version" : "2.8.0"
      }
    }
  ],
  "version" : 3
}
