{
  "originHash" : "9135e7ca0d3ebd18fd774202f4247e30902e0d1baaf6dc220506dfb1b626c971",
  "pins" : [
    {
      "identity" : "starxpand-sdk-ios",
      "kind" : "remoteSourceControl",
      "location" : "https://github.com/star-micronics/StarXpand-SDK-iOS",
      "state" : {
        "revision" : "0d6faec2c759cedbbdb8ba5c8bfb76f4471b88d9",
        "version" : "2.8.0"
      }
    },
    {
      "identity" : "tocropviewcontroller",
      "kind" : "remoteSourceControl",
      "location" : "https://github.com/TimOliver/TOCropViewController",
      "state" : {
        "revision" : "a634cb7cdfd580006e79a6e74e64417fe9e9783b",
        "version" : "2.7.4"
      }
    },
    {
      "identity" : "wescan",
      "kind" : "remoteSourceControl",
      "location" : "https://github.com/WeTransfer/WeScan.git",
      "state" : {
        "revision" : "5eee784d8233bc209e8fc38980fd847293c96ebc",
        "version" : "3.0.0"
      }
    }
  ],
  "version" : 3
}
